
Microsoft Visual Studio Solution File, Format Version 12.00
# Visual Studio Version 17
VisualStudioVersion = 17.6.33723.286
MinimumVisualStudioVersion = 10.0.40219.1
Project("{FAE04EC0-301F-11D3-BF4B-00C04F79EFBC}") = "addressbook-web-tests3", "addressbook-web-tests3.csproj", "{13931A00-B090-4C9E-8755-8DDA50054148}"
EndProject
Global
	GlobalSection(SolutionConfigurationPlatforms) = preSolution
		Debug|Any CPU = Debug|Any CPU
		Release|Any CPU = Release|Any CPU
	EndGlobalSection
	GlobalSection(ProjectConfigurationPlatforms) = postSolution
		{13931A00-B090-4C9E-8755-8DDA50054148}.Debug|Any CPU.ActiveCfg = Debug|Any CPU
		{13931A00-B090-4C9E-8755-8DDA50054148}.Debug|Any CPU.Build.0 = Debug|Any CPU
		{13931A00-B090-4C9E-8755-8DDA50054148}.Release|Any CPU.ActiveCfg = Release|Any CPU
		{13931A00-B090-4C9E-8755-8DDA50054148}.Release|Any CPU.Build.0 = Release|Any CPU
	EndGlobalSection
	GlobalSection(SolutionProperties) = preSolution
		HideSolutionNode = FALSE
	EndGlobalSection
	GlobalSection(ExtensibilityGlobals) = postSolution
		SolutionGuid = {F3181F3B-CCD5-48CB-9D00-763B78B50BD3}
	EndGlobalSection
EndGlobal
